
Microsoft Visual Studio Solution File, Format Version 12.00
# Visual Studio Version 17
VisualStudioVersion = 17.8.34408.163
MinimumVisualStudioVersion = 10.0.40219.1
Project("{FAE04EC0-301F-11D3-BF4B-00C04F79EFBC}") = "practica1", "practica1\practica1.csproj", "{11BA1995-C9CA-4504-B434-6C1C31BB93EA}"
EndProject
Project("{FAE04EC0-301F-11D3-BF4B-00C04F79EFBC}") = "cuerpo", "cuerpo\cuerpo.csproj", "{7A1578BF-C853-49C2-9438-E4ABD11F9851}"
EndProject
Project("{FAE04EC0-301F-11D3-BF4B-00C04F79EFBC}") = "baseDeDatos", "baseDeDatos\baseDeDatos.csproj", "{71C18CD9-C589-4A95-A519-DD9FFA224E39}"
EndProject
Global
	GlobalSection(SolutionConfigurationPlatforms) = preSolution
		Debug|Any CPU = Debug|Any CPU
		Release|Any CPU = Release|Any CPU
	EndGlobalSection
	GlobalSection(ProjectConfigurationPlatforms) = postSolution
		{11BA1995-C9CA-4504-B434-6C1C31BB93EA}.Debug|Any CPU.ActiveCfg = Debug|Any CPU
		{11BA1995-C9CA-4504-B434-6C1C31BB93EA}.Debug|Any CPU.Build.0 = Debug|Any CPU
		{11BA1995-C9CA-4504-B434-6C1C31BB93EA}.Release|Any CPU.ActiveCfg = Release|Any CPU
		{11BA1995-C9CA-4504-B434-6C1C31BB93EA}.Release|Any CPU.Build.0 = Release|Any CPU
		{7A1578BF-C853-49C2-9438-E4ABD11F9851}.Debug|Any CPU.ActiveCfg = Debug|Any CPU
		{7A1578BF-C853-49C2-9438-E4ABD11F9851}.Debug|Any CPU.Build.0 = Debug|Any CPU
		{7A1578BF-C853-49C2-9438-E4ABD11F9851}.Release|Any CPU.ActiveCfg = Release|Any CPU
		{7A1578BF-C853-49C2-9438-E4ABD11F9851}.Release|Any CPU.Build.0 = Release|Any CPU
		{71C18CD9-C589-4A95-A519-DD9FFA224E39}.Debug|Any CPU.ActiveCfg = Debug|Any CPU
		{71C18CD9-C589-4A95-A519-DD9FFA224E39}.Debug|Any CPU.Build.0 = Debug|Any CPU
		{71C18CD9-C589-4A95-A519-DD9FFA224E39}.Release|Any CPU.ActiveCfg = Release|Any CPU
		{71C18CD9-C589-4A95-A519-DD9FFA224E39}.Release|Any CPU.Build.0 = Release|Any CPU
	EndGlobalSection
	GlobalSection(SolutionProperties) = preSolution
		HideSolutionNode = FALSE
	EndGlobalSection
	GlobalSection(ExtensibilityGlobals) = postSolution
		SolutionGuid = {ACB5635C-9AA0-4A89-9E36-F33D70082E98}
	EndGlobalSection
EndGlobal
